
Microsoft Visual Studio Solution File, Format Version 12.00
# Visual Studio Version 16
VisualStudioVersion = 16.0.31112.23
MinimumVisualStudioVersion = 10.0.40219.1
Project("{FAE04EC0-301F-11D3-BF4B-00C04F79EFBC}") = "HerokuappTests", "TestProject1\HerokuappTests.csproj", "{3D94D309-E96B-46F7-A021-73FD092EB59E}"
EndProject
Global
	GlobalSection(SolutionConfigurationPlatforms) = preSolution
		Debug|Any CPU = Debug|Any CPU
		Release|Any CPU = Release|Any CPU
	EndGlobalSection
	GlobalSection(ProjectConfigurationPlatforms) = postSolution
		{3D94D309-E96B-46F7-A021-73FD092EB59E}.Debug|Any CPU.ActiveCfg = Debug|Any CPU
		{3D94D309-E96B-46F7-A021-73FD092EB59E}.Debug|Any CPU.Build.0 = Debug|Any CPU
		{3D94D309-E96B-46F7-A021-73FD092EB59E}.Release|Any CPU.ActiveCfg = Release|Any CPU
		{3D94D309-E96B-46F7-A021-73FD092EB59E}.Release|Any CPU.Build.0 = Release|Any CPU
	EndGlobalSection
	GlobalSection(SolutionProperties) = preSolution
		HideSolutionNode = FALSE
	EndGlobalSection
	GlobalSection(ExtensibilityGlobals) = postSolution
		SolutionGuid = {6F368804-AE52-4E44-A959-7737A68BBD70}
	EndGlobalSection
EndGlobal
